
{
  "name": "mpegts.js",
  "version": "1.7.2",
  "lockfileVersion": 2,
  "requires": true,
  "packages": {
    "": {
      "name": "mpegts.js",
      "version": "1.7.2",
      "license": "Apache-2.0",
      "dependencies": {
        "es6-promise": "^4.2.5",
        "webworkify-webpack": "^2.1.5"
      },
      "devDependencies": {
        "@types/express-serve-static-core": "4.17.30",
        "@types/node": "^10.12.18",
        "@typescript-eslint/eslint-plugin": "^1.4.2",
        "@typescript-eslint/parser": "^1.4.2",
        "@webpack-cli/serve": "^1.7.0",
        "browser-sync": "^2.26.10",
        "eslint": "^5.15.0",
        "exports-loader": "^0.7.0",
        "file-loader": "^3.0.1",
        "loader-utils": ">=1.4.1",
        "minimist": ">=1.2.6",
        "socket.io-parser": ">=3.3.3",
        "source-map-loader": "^0.2.4",
        "ssri": ">=8.0.1",
        "terser-webpack-plugin": "^1.2.3",
        "ts-loader": "^5.3.2",
        "typescript": "^3.2.2",
        "webpack": "^4.28.3",
        "webpack-cli": "^4.4.0",
        "webpack-dev-server": "^4.9.3",
        "ws": ">=7.4.6",
        "xmlhttprequest-ssl": ">=1.6.2"
      }
    },
    "node_modules/@babel/code-frame": {
      "version": "7.12.13",
      "resolved": "https://registry.npmjs.org/@babel/code-frame/-/code-frame-7.12.13.tgz",
      "integrity": "sha512-HV1Cm0Q3ZrpCR93tkWOYiuYIgLxZXZFVG2VgK+MBWjUqZTundupbfx2aXarXuw5Ko5aMcjtJgbSs4vUGBS5v6g==",
      "dev": true,
      "dependencies": {
        "@babel/highlight": "^7.12.13"
      }
    },
    "node_modules/@babel/helper-validator-identifier": {
      "version": "7.12.11",
      "resolved": "https://registry.npmjs.org/@babel/helper-validator-identifier/-/helper-validator-identifier-7.12.11.tgz",
      "integrity": "sha512-np/lG3uARFybkoHokJUmf1QfEvRVCPbmQeUQpKow5cQ3xWrV9i3rUHodKDJPQfTVX61qKi+UdYk8kik84n7XOw==",
      "dev": true
    },
    "node_modules/@babel/highlight": {
      "version": "7.13.10",
      "resolved": "https://registry.npmjs.org/@babel/highlight/-/highlight-7.13.10.tgz",
      "integrity": "sha512-5aPpe5XQPzflQrFwL1/QoeHkP2MsA4JCntcXHRhEsdsfPVkvPi2w7Qix4iV7t5S/oC9OodGrggd8aco1g3SZFg==",
      "dev": true,
      "dependencies": {
        "@babel/helper-validator-identifier": "^7.12.11",
        "chalk": "^2.0.0",
        "js-tokens": "^4.0.0"
      }
    },
    "node_modules/@babel/highlight/node_modules/ansi-styles": {
      "version": "3.2.1",
      "resolved": "https://registry.npmjs.org/ansi-styles/-/ansi-styles-3.2.1.tgz",
      "integrity": "sha512-VT0ZI6kZRdTh8YyJw3SMbYm/u+NqfsAxEpWO0Pf9sq8/e94WxxOpPKx9FR1FlyCtOVDNOQ+8ntlqFxiRc+r5qA==",
      "dev": true,
      "dependencies": {
        "color-convert": "^1.9.0"
      },
      "engines": {
        "node": ">=4"
      }
    },
    "node_modules/@babel/highlight/node_modules/chalk": {
      "version": "2.4.2",
      "resolved": "https://registry.npmjs.org/chalk/-/chalk-2.4.2.tgz",
      "integrity": "sha512-Mti+f9lpJNcwF4tWV8/OrTTtF1gZi+f8FqlyAdouralcFWFQWF2+NgCHShjkCb+IFBLq9buZwE1xckQU4peSuQ==",
      "dev": true,
      "dependencies": {
        "ansi-styles": "^3.2.1",
        "escape-string-regexp": "^1.0.5",
        "supports-color": "^5.3.0"
      },
      "engines": {
        "node": ">=4"
      }
    },
    "node_modules/@babel/highlight/node_modules/color-convert": {
      "version": "1.9.3",
      "resolved": "https://registry.npmjs.org/color-convert/-/color-convert-1.9.3.tgz",
      "integrity": "sha512-QfAUtd+vFdAtFQcC8CCyYt1fYWxSqAiK2cSD6zDB8N3cpsEBAvRxp9zOGg6G/SHHJYAT88/az/IuDGALsNVbGg==",
      "dev": true,
      "dependencies": {
        "color-name": "1.1.3"
      }
    },
    "node_modules/@babel/highlight/node_modules/color-name": {
      "version": "1.1.3",
      "resolved": "https://registry.npmjs.org/color-name/-/color-name-1.1.3.tgz",
      "integrity": "sha1-p9BVi9icQveV3UIyj3QIMcpTvCU=",
      "dev": true
    },
    "node_modules/@babel/highlight/node_modules/supports-color": {
      "version": "5.5.0",
      "resolved": "https://registry.npmjs.org/supports-color/-/supports-color-5.5.0.tgz",
      "integrity": "sha512-QjVjwdXIt408MIiAqCX4oUKsgU2EqAGzs2Ppkm4aQYbjm+ZEWEcW4SfFNTr4uMNZma0ey4f5lgLrkB0aX0QMow==",
      "dev": true,
      "dependencies": {
        "has-flag": "^3.0.0"
      },
      "engines": {
        "node": ">=4"
      }
    },
    "node_modules/@discoveryjs/json-ext": {
      "version": "0.5.7",
      "resolved": "https://registry.npmjs.org/@discoveryjs/json-ext/-/json-ext-0.5.7.tgz",
      "integrity": "sha512-dBVuXR082gk3jsFp7Rd/JI4kytwGHecnCoTtXFb7DB6CNHp4rg5k1bhg0nWdLGLnOV71lmDzGQaLMy8iPLY0pw==",
      "dev": true,
      "engines": {
        "node": ">=10.0.0"
      }
    },
    "node_modules/@leichtgewicht/ip-codec": {
      "version": "2.0.4",
      "resolved": "https://registry.npmjs.org/@leichtgewicht/ip-codec/-/ip-codec-2.0.4.tgz",
      "integrity": "sha512-Hcv+nVC0kZnQ3tD9GVu5xSMR4VVYOteQIr/hwFPVEvPdlXqgGEuRjiheChHgdM+JyqdgNcmzZOX/tnl0JOiI7A==",
      "dev": true
    },
    "node_modules/@socket.io/component-emitter": {
      "version": "3.1.0",
      "resolved": "https://registry.npmjs.org/@socket.io/component-emitter/-/component-emitter-3.1.0.tgz",
      "integrity": "sha512-+9jVqKhRSpsc591z5vX+X5Yyw+he/HCB4iQ/RYxw35CEPaY1gnsNE43nf9n9AaYjAQrTiI/mOwKUKdUs9vf7Xg==",
      "dev": true
    },
    "node_modules/@types/body-parser": {
      "version": "1.19.2",
      "resolved": "https://registry.npmjs.org/@types/body-parser/-/body-parser-1.19.2.tgz",
      "integrity": "sha512-ALYone6pm6QmwZoAgeyNksccT9Q4AWZQ6PvfwR37GT6r6FWUPguq6sUmNGSMV2Wr761oQoBxwGGa6DR5o1DC9g==",
      "dev": true,
      "dependencies": {
        "@types/connect": "*",
        "@types/node": "*"
      }
    },
    "node_modules/@types/bonjour": {
      "version": "3.5.10",
      "resolved": "https://registry.npmjs.org/@types/bonjour/-/bonjour-3.5.10.tgz",
      "integrity": "sha512-p7ienRMiS41Nu2/igbJxxLDWrSZ0WxM8UQgCeO9KhoVF7cOVFkrKsiDr1EsJIla8vV3oEEjGcz11jc5yimhzZw==",
      "dev": true,
      "dependencies": {
        "@types/node": "*"
      }
    },
    "node_modules/@types/connect": {
      "version": "3.4.35",
      "resolved": "https://registry.npmjs.org/@types/connect/-/connect-3.4.35.tgz",
      "integrity": "sha512-cdeYyv4KWoEgpBISTxWvqYsVy444DOqehiF3fM3ne10AmJ62RSyNkUnxMJXHQWRQQX2eR94m5y1IZyDwBjV9FQ==",
      "dev": true,
      "dependencies": {
        "@types/node": "*"
      }
    },
    "node_modules/@types/connect-history-api-fallback": {
      "version": "1.3.5",
      "resolved": "https://registry.npmjs.org/@types/connect-history-api-fallback/-/connect-history-api-fallback-1.3.5.tgz",
      "integrity": "sha512-h8QJa8xSb1WD4fpKBDcATDNGXghFj6/3GRWG6dhmRcu0RX1Ubasur2Uvx5aeEwlf0MwblEC2bMzzMQntxnw/Cw==",
      "dev": true,
      "dependencies": {
        "@types/express-serve-static-core": "*",
        "@types/node": "*"
      }
    },
    "node_modules/@types/cookie": {
      "version": "0.4.1",
      "resolved": "https://registry.npmjs.org/@types/cookie/-/cookie-0.4.1.tgz",
      "integrity": "sha512-XW/Aa8APYr6jSVVA1y/DEIZX0/GMKLEVekNG727R8cs56ahETkRAy/3DR7+fJyh7oUgGwNQaRfXCun0+KbWY7Q==",
      "dev": true
    },
    "node_modules/@types/cors": {
      "version": "2.8.12",
      "resolved": "https://registry.npmjs.org/@types/cors/-/cors-2.8.12.tgz",
      "integrity": "sha512-vt+kDhq/M2ayberEtJcIN/hxXy1Pk+59g2FV/ZQceeaTyCtCucjL2Q7FXlFjtWn4n15KCr1NE2lNNFhp0lEThw==",
      "dev": true
    },
    "node_modules/@types/eslint-visitor-keys": {
      "version": "1.0.0",
      "resolved": "https://registry.npmjs.org/@types/eslint-visitor-keys/-/eslint-visitor-keys-1.0.0.tgz",
      "integrity": "sha512-OCutwjDZ4aFS6PB1UZ988C4YgwlBHJd6wCeQqaLdmadZ/7e+w79+hbMUFC1QXDNCmdyoRfAFdm0RypzwR+Qpag==",
      "dev": true
    },
    "node_modules/@types/express": {
      "version": "4.17.14",
      "resolved": "https://registry.npmjs.org/@types/express/-/express-4.17.14.tgz",
      "integrity": "sha512-TEbt+vaPFQ+xpxFLFssxUDXj5cWCxZJjIcB7Yg0k0GMHGtgtQgpvx/MUQUeAkNbA9AAGrwkAsoeItdTgS7FMyg==",
      "dev": true,
      "dependencies": {
        "@types/body-parser": "*",
        "@types/express-serve-static-core": "^4.17.18",
        "@types/qs": "*",
        "@types/serve-static": "*"
      }
    },
    "node_modules/@types/express-serve-static-core": {
      "version": "4.17.30",
      "resolved": "https://registry.npmjs.org/@types/express-serve-static-core/-/express-serve-static-core-4.17.30.tgz",
      "integrity": "sha512-gstzbTWro2/nFed1WXtf+TtrpwxH7Ggs4RLYTLbeVgIkUQOI3WG/JKjgeOU1zXDvezllupjrf8OPIdvTbIaVOQ==",
      "dev": true,
      "dependencies": {
        "@types/node": "*",