
{
  "name": "mpegts.js",
  "version": "1.7.2",
  "lockfileVersion": 2,
  "requires": true,
  "packages": {
    "": {
      "name": "mpegts.js",
      "version": "1.7.2",
      "license": "Apache-2.0",
      "dependencies": {
        "es6-promise": "^4.2.5",
        "webworkify-webpack": "^2.1.5"
      },
      "devDependencies": {
        "@types/express-serve-static-core": "4.17.30",
        "@types/node": "^10.12.18",
        "@typescript-eslint/eslint-plugin": "^1.4.2",
        "@typescript-eslint/parser": "^1.4.2",
        "@webpack-cli/serve": "^1.7.0",
        "browser-sync": "^2.26.10",
        "eslint": "^5.15.0",
        "exports-loader": "^0.7.0",
        "file-loader": "^3.0.1",
        "loader-utils": ">=1.4.1",
        "minimist": ">=1.2.6",
        "socket.io-parser": ">=3.3.3",
        "source-map-loader": "^0.2.4",
        "ssri": ">=8.0.1",
        "terser-webpack-plugin": "^1.2.3",
        "ts-loader": "^5.3.2",
        "typescript": "^3.2.2",
        "webpack": "^4.28.3",
        "webpack-cli": "^4.4.0",
        "webpack-dev-server": "^4.9.3",
        "ws": ">=7.4.6",
        "xmlhttprequest-ssl": ">=1.6.2"
      }
    },
    "node_modules/@babel/code-frame": {
      "version": "7.12.13",
      "resolved": "https://registry.npmjs.org/@babel/code-frame/-/code-frame-7.12.13.tgz",
      "integrity": "sha512-HV1Cm0Q3ZrpCR93tkWOYiuYIgLxZXZFVG2VgK+MBWjUqZTundupbfx2aXarXuw5Ko5aMcjtJgbSs4vUGBS5v6g==",
      "dev": true,
      "dependencies": {
        "@babel/highlight": "^7.12.13"
      }
    },
    "node_modules/@babel/helper-validator-identifier": {
      "version": "7.12.11",
      "resolved": "https://registry.npmjs.org/@babel/helper-validator-identifier/-/helper-validator-identifier-7.12.11.tgz",
      "integrity": "sha512-np/lG3uARFybkoHokJUmf1QfEvRVCPbmQeUQpKow5cQ3xWrV9i3rUHodKDJPQfTVX61qKi+UdYk8kik84n7XOw==",
      "dev": true
    },
    "node_modules/@babel/highlight": {
      "version": "7.13.10",
      "resolved": "https://registry.npmjs.org/@babel/highlight/-/highlight-7.13.10.tgz",
      "integrity": "sha512-5aPpe5XQPzflQrFwL1/QoeHkP2MsA4JCntcXHRhEsdsfPVkvPi2w7Qix4iV7t5S/oC9OodGrggd8aco1g3SZFg==",
      "dev": true,
      "dependencies": {
        "@babel/helper-validator-identifier": "^7.12.11",
        "chalk": "^2.0.0",
        "js-tokens": "^4.0.0"
      }
    },
    "node_modules/@babel/highlight/node_modules/ansi-styles": {
      "version": "3.2.1",
      "resolved": "https://registry.npmjs.org/ansi-styles/-/ansi-styles-3.2.1.tgz",
      "integrity": "sha512-VT0ZI6kZRdTh8YyJw3SMbYm/u+NqfsAxEpWO0Pf9sq8/e94WxxOpPKx9FR1FlyCtOVDNOQ+8ntlqFxiRc+r5qA==",
      "dev": true,
      "dependencies": {
        "color-convert": "^1.9.0"
      },
      "engines": {
        "node": ">=4"
      }
    },
    "node_modules/@babel/highlight/node_modules/chalk": {
      "version": "2.4.2",
      "resolved": "https://registry.npmjs.org/chalk/-/chalk-2.4.2.tgz",
      "integrity": "sha512-Mti+f9lpJNcwF4tWV8/OrTTtF1gZi+f8FqlyAdouralcFWFQWF2+NgCHShjkCb+IFBLq9buZwE1xckQU4peSuQ==",
      "dev": true,
      "dependencies": {
        "ansi-styles": "^3.2.1",
        "escape-string-regexp": "^1.0.5",
        "supports-color": "^5.3.0"
      },
      "engines": {
        "node": ">=4"
      }
    },
    "node_modules/@babel/highlight/node_modules/color-convert": {
      "version": "1.9.3",
      "resolved": "https://registry.npmjs.org/color-convert/-/color-convert-1.9.3.tgz",
      "integrity": "sha512-QfAUtd+vFdAtFQcC8CCyYt1fYWxSqAiK2cSD6zDB8N3cpsEBAvRxp9zOGg6G/SHHJYAT88/az/IuDGALsNVbGg==",
      "dev": true,
      "dependencies": {
        "color-name": "1.1.3"
      }
    },
    "node_modules/@babel/highlight/node_modules/color-name": {
      "version": "1.1.3",
      "resolved": "https://registry.npmjs.org/color-name/-/color-name-1.1.3.tgz",
      "integrity": "sha1-p9BVi9icQveV3UIyj3QIMcpTvCU=",
      "dev": true
    },
    "node_modules/@babel/highlight/node_modules/supports-color": {
      "version": "5.5.0",
      "resolved": "https://registry.npmjs.org/supports-color/-/supports-color-5.5.0.tgz",
      "integrity": "sha512-QjVjwdXIt408MIiAqCX4oUKsgU2EqAGzs2Ppkm4aQYbjm+ZEWEcW4SfFNTr4uMNZma0ey4f5lgLrkB0aX0QMow==",
      "dev": true,
      "dependencies": {
        "has-flag": "^3.0.0"
      },
      "engines": {
        "node": ">=4"
      }
    },
    "node_modules/@discoveryjs/json-ext": {
      "version": "0.5.7",
      "resolved": "https://registry.npmjs.org/@discoveryjs/json-ext/-/json-ext-0.5.7.tgz",
      "integrity": "sha512-dBVuXR082gk3jsFp7Rd/JI4kytwGHecnCoTtXFb7DB6CNHp4rg5k1bhg0nWdLGLnOV71lmDzGQaLMy8iPLY0pw==",
      "dev": true,
      "engines": {
        "node": ">=10.0.0"
      }
    },
    "node_modules/@leichtgewicht/ip-codec": {
      "version": "2.0.4",
      "resolved": "https://registry.npmjs.org/@leichtgewicht/ip-codec/-/ip-codec-2.0.4.tgz",
      "integrity": "sha512-Hcv+nVC0kZnQ3tD9GVu5xSMR4VVYOteQIr/hwFPVEvPdlXqgGEuRjiheChHgdM+JyqdgNcmzZOX/tnl0JOiI7A==",
      "dev": true
    },
    "node_modules/@socket.io/component-emitter": {
      "version": "3.1.0",
      "resolved": "https://registry.npmjs.org/@socket.io/component-emitter/-/component-emitter-3.1.0.tgz",
      "integrity": "sha512-+9jVqKhRSpsc591z5vX+X5Yyw+he/HCB4iQ/RYxw35CEPaY1gnsNE43nf9n9AaYjAQrTiI/mOwKUKdUs9vf7Xg==",
      "dev": true
    },
    "node_modules/@types/body-parser": {
      "version": "1.19.2",
      "resolved": "https://registry.npmjs.org/@types/body-parser/-/body-parser-1.19.2.tgz",
      "integrity": "sha512-ALYone6pm6QmwZoAgeyNksccT9Q4AWZQ6PvfwR37GT6r6FWUPguq6sUmNGSMV2Wr761oQoBxwGGa6DR5o1DC9g==",
      "dev": true,
      "dependencies": {
        "@types/connect": "*",
        "@types/node": "*"
      }
    },
    "node_modules/@types/bonjour": {
      "version": "3.5.10",
      "resolved": "https://registry.npmjs.org/@types/bonjour/-/bonjour-3.5.10.tgz",
      "integrity": "sha512-p7ienRMiS41Nu2/igbJxxLDWrSZ0WxM8UQgCeO9KhoVF7cOVFkrKsiDr1EsJIla8vV3oEEjGcz11jc5yimhzZw==",
      "dev": true,
      "dependencies": {
        "@types/node": "*"
      }
    },
    "node_modules/@types/connect": {
      "version": "3.4.35",
      "resolved": "https://registry.npmjs.org/@types/connect/-/connect-3.4.35.tgz",
      "integrity": "sha512-cdeYyv4KWoEgpBISTxWvqYsVy444DOqehiF3fM3ne10AmJ62RSyNkUnxMJXHQWRQQX2eR94m5y1IZyDwBjV9FQ==",
      "dev": true,
      "dependencies": {
        "@types/node": "*"
      }
    },
    "node_modules/@types/connect-history-api-fallback": {
      "version": "1.3.5",
      "resolved": "https://registry.npmjs.org/@types/connect-history-api-fallback/-/connect-history-api-fallback-1.3.5.tgz",
      "integrity": "sha512-h8QJa8xSb1WD4fpKBDcATDNGXghFj6/3GRWG6dhmRcu0RX1Ubasur2Uvx5aeEwlf0MwblEC2bMzzMQntxnw/Cw==",
      "dev": true,
      "dependencies": {
        "@types/express-serve-static-core": "*",
        "@types/node": "*"
      }
    },
    "node_modules/@types/cookie": {
      "version": "0.4.1",
      "resolved": "https://registry.npmjs.org/@types/cookie/-/cookie-0.4.1.tgz",
      "integrity": "sha512-XW/Aa8APYr6jSVVA1y/DEIZX0/GMKLEVekNG727R8cs56ahETkRAy/3DR7+fJyh7oUgGwNQaRfXCun0+KbWY7Q==",
      "dev": true
    },
    "node_modules/@types/cors": {
      "version": "2.8.12",
      "resolved": "https://registry.npmjs.org/@types/cors/-/cors-2.8.12.tgz",
      "integrity": "sha512-vt+kDhq/M2ayberEtJcIN/hxXy1Pk+59g2FV/ZQceeaTyCtCucjL2Q7FXlFjtWn4n15KCr1NE2lNNFhp0lEThw==",
      "dev": true
    },
    "node_modules/@types/eslint-visitor-keys": {
      "version": "1.0.0",
      "resolved": "https://registry.npmjs.org/@types/eslint-visitor-keys/-/eslint-visitor-keys-1.0.0.tgz",
      "integrity": "sha512-OCutwjDZ4aFS6PB1UZ988C4YgwlBHJd6wCeQqaLdmadZ/7e+w79+hbMUFC1QXDNCmdyoRfAFdm0RypzwR+Qpag==",
      "dev": true
    },
    "node_modules/@types/express": {
      "version": "4.17.14",
      "resolved": "https://registry.npmjs.org/@types/express/-/express-4.17.14.tgz",
      "integrity": "sha512-TEbt+vaPFQ+xpxFLFssxUDXj5cWCxZJjIcB7Yg0k0GMHGtgtQgpvx/MUQUeAkNbA9AAGrwkAsoeItdTgS7FMyg==",
      "dev": true,
      "dependencies": {
        "@types/body-parser": "*",
        "@types/express-serve-static-core": "^4.17.18",
        "@types/qs": "*",
        "@types/serve-static": "*"
      }
    },
    "node_modules/@types/express-serve-static-core": {
      "version": "4.17.30",
      "resolved": "https://registry.npmjs.org/@types/express-serve-static-core/-/express-serve-static-core-4.17.30.tgz",
      "integrity": "sha512-gstzbTWro2/nFed1WXtf+TtrpwxH7Ggs4RLYTLbeVgIkUQOI3WG/JKjgeOU1zXDvezllupjrf8OPIdvTbIaVOQ==",
      "dev": true,
      "dependencies": {
        "@types/node": "*",
        "@types/qs": "*",
        "@types/range-parser": "*"
      }
    },
    "node_modules/@types/http-proxy": {
      "version": "1.17.9",
      "resolved": "https://registry.npmjs.org/@types/http-proxy/-/http-proxy-1.17.9.tgz",
      "integrity": "sha512-QsbSjA/fSk7xB+UXlCT3wHBy5ai9wOcNDWwZAtud+jXhwOM3l+EYZh8Lng4+/6n8uar0J7xILzqftJdJ/Wdfkw==",
      "dev": true,
      "dependencies": {
        "@types/node": "*"
      }
    },
    "node_modules/@types/json-schema": {
      "version": "7.0.11",
      "resolved": "https://registry.npmjs.org/@types/json-schema/-/json-schema-7.0.11.tgz",
      "integrity": "sha512-wOuvG1SN4Us4rez+tylwwwCV1psiNVOkJeM3AUWUNWg/jDQY2+HE/444y5gc+jBmRqASOm2Oeh5c1axHobwRKQ==",
      "dev": true
    },
    "node_modules/@types/mime": {
      "version": "3.0.1",
      "resolved": "https://registry.npmjs.org/@types/mime/-/mime-3.0.1.tgz",
      "integrity": "sha512-Y4XFY5VJAuw0FgAqPNd6NNoV44jbq9Bz2L7Rh/J6jLTiHBSBJa9fxqQIvkIld4GsoDOcCbvzOUAbLPsSKKg+uA==",
      "dev": true
    },
    "node_modules/@types/node": {
      "version": "10.17.55",
      "resolved": "https://registry.npmjs.org/@types/node/-/node-10.17.55.tgz",
      "integrity": "sha512-koZJ89uLZufDvToeWO5BrC4CR4OUfHnUz2qoPs/daQH6qq3IN62QFxCTZ+bKaCE0xaoCAJYE4AXre8AbghCrhg==",
      "dev": true
    },
    "node_modules/@types/qs": {
      "version": "6.9.7",
      "resolved": "https://registry.npmjs.org/@types/qs/-/qs-6.9.7.tgz",
      "integrity": "sha512-FGa1F62FT09qcrueBA6qYTrJPVDzah9a+493+o2PCXsesWHIn27G98TsSMs3WPNbZIEj4+VJf6saSFpvD+3Zsw==",
      "dev": true
    },
    "node_modules/@types/range-parser": {
      "version": "1.2.4",
      "resolved": "https://registry.npmjs.org/@types/range-parser/-/range-parser-1.2.4.tgz",
      "integrity": "sha512-EEhsLsD6UsDM1yFhAvy0Cjr6VwmpMWqFBCb9w07wVugF7w9nfajxLuVmngTIpgS6svCnm6Vaw+MZhoDCKnOfsw==",
      "dev": true
    },
    "node_modules/@types/retry": {
      "version": "0.12.0",
      "resolved": "https://registry.npmjs.org/@types/retry/-/retry-0.12.0.tgz",
      "integrity": "sha512-wWKOClTTiizcZhXnPY4wikVAwmdYHp8q6DmC+EJUzAMsycb7HB32Kh9RN4+0gExjmPmZSAQjgURXIGATPegAvA==",
      "dev": true
    },
    "node_modules/@types/serve-index": {
      "version": "1.9.1",
      "resolved": "https://registry.npmjs.org/@types/serve-index/-/serve-index-1.9.1.tgz",
      "integrity": "sha512-d/Hs3nWDxNL2xAczmOVZNj92YZCS6RGxfBPjKzuu/XirCgXdpKEb88dYNbrYGint6IVWLNP+yonwVAuRC0T2Dg==",
      "dev": true,
      "dependencies": {
        "@types/express": "*"
      }
    },
    "node_modules/@types/serve-static": {
      "version": "1.15.0",
      "resolved": "https://registry.npmjs.org/@types/serve-static/-/serve-static-1.15.0.tgz",
      "integrity": "sha512-z5xyF6uh8CbjAu9760KDKsH2FcDxZ2tFCsA4HIMWE6IkiYMXfVoa+4f9KX+FN0ZLsaMw1WNG2ETLA6N+/YA+cg==",
      "dev": true,
      "dependencies": {
        "@types/mime": "*",
        "@types/node": "*"
      }
    },
    "node_modules/@types/sockjs": {
      "version": "0.3.33",
      "resolved": "https://registry.npmjs.org/@types/sockjs/-/sockjs-0.3.33.tgz",
      "integrity": "sha512-f0KEEe05NvUnat+boPTZ0dgaLZ4SfSouXUgv5noUiefG2ajgKjmETo9ZJyuqsl7dfl2aHlLJUiki6B4ZYldiiw==",
      "dev": true,
      "dependencies": {
        "@types/node": "*"
      }
    },
    "node_modules/@types/ws": {
      "version": "8.5.3",
      "resolved": "https://registry.npmjs.org/@types/ws/-/ws-8.5.3.tgz",
      "integrity": "sha512-6YOoWjruKj1uLf3INHH7D3qTXwFfEsg1kf3c0uDdSBJwfa/llkwIjrAGV7j7mVgGNbzTQ3HiHKKDXl6bJPD97w==",
      "dev": true,
      "dependencies": {
        "@types/node": "*"
      }
    },
    "node_modules/@typescript-eslint/eslint-plugin": {
      "version": "1.13.0",
      "resolved": "https://registry.npmjs.org/@typescript-eslint/eslint-plugin/-/eslint-plugin-1.13.0.tgz",
      "integrity": "sha512-WQHCozMnuNADiqMtsNzp96FNox5sOVpU8Xt4meaT4em8lOG1SrOv92/mUbEHQVh90sldKSfcOc/I0FOb/14G1g==",
      "dev": true,
      "dependencies": {
        "@typescript-eslint/experimental-utils": "1.13.0",
        "eslint-utils": "^1.3.1",
        "functional-red-black-tree": "^1.0.1",
        "regexpp": "^2.0.1",
        "tsutils": "^3.7.0"
      },
      "engines": {
        "node": "^6.14.0 || ^8.10.0 || >=9.10.0"
      }
    },
    "node_modules/@typescript-eslint/experimental-utils": {
      "version": "1.13.0",
      "resolved": "https://registry.npmjs.org/@typescript-eslint/experimental-utils/-/experimental-utils-1.13.0.tgz",
      "integrity": "sha512-zmpS6SyqG4ZF64ffaJ6uah6tWWWgZ8m+c54XXgwFtUv0jNz8aJAVx8chMCvnk7yl6xwn8d+d96+tWp7fXzTuDg==",
      "dev": true,
      "dependencies": {
        "@types/json-schema": "^7.0.3",
        "@typescript-eslint/typescript-estree": "1.13.0",
        "eslint-scope": "^4.0.0"
      },
      "engines": {
        "node": "^6.14.0 || ^8.10.0 || >=9.10.0"
      }
    },
    "node_modules/@typescript-eslint/parser": {
      "version": "1.13.0",
      "resolved": "https://registry.npmjs.org/@typescript-eslint/parser/-/parser-1.13.0.tgz",
      "integrity": "sha512-ITMBs52PCPgLb2nGPoeT4iU3HdQZHcPaZVw+7CsFagRJHUhyeTgorEwHXhFf3e7Evzi8oujKNpHc8TONth8AdQ==",
      "dev": true,
      "dependencies": {
        "@types/eslint-visitor-keys": "^1.0.0",
        "@typescript-eslint/experimental-utils": "1.13.0",
        "@typescript-eslint/typescript-estree": "1.13.0",
        "eslint-visitor-keys": "^1.0.0"
      },
      "engines": {
        "node": "^6.14.0 || ^8.10.0 || >=9.10.0"
      }
    },
    "node_modules/@typescript-eslint/typescript-estree": {
      "version": "1.13.0",
      "resolved": "https://registry.npmjs.org/@typescript-eslint/typescript-estree/-/typescript-estree-1.13.0.tgz",
      "integrity": "sha512-b5rCmd2e6DCC6tCTN9GSUAuxdYwCM/k/2wdjHGrIRGPSJotWMCe/dGpi66u42bhuh8q3QBzqM4TMA1GUUCJvdw==",
      "dev": true,
      "dependencies": {
        "lodash.unescape": "4.0.1",
        "semver": "5.5.0"
      },
      "engines": {
        "node": ">=6.14.0"
      }
    },
    "node_modules/@webassemblyjs/ast": {
      "version": "1.9.0",
      "resolved": "https://registry.npmjs.org/@webassemblyjs/ast/-/ast-1.9.0.tgz",
      "integrity": "sha512-C6wW5L+b7ogSDVqymbkkvuW9kruN//YisMED04xzeBBqjHa2FYnmvOlS6Xj68xWQRgWvI9cIglsjFowH/RJyEA==",
      "dev": true,
      "dependencies": {
        "@webassemblyjs/helper-module-context": "1.9.0",
        "@webassemblyjs/helper-wasm-bytecode": "1.9.0",
        "@webassemblyjs/wast-parser": "1.9.0"
      }
    },
    "node_modules/@webassemblyjs/floating-point-hex-parser": {
      "version": "1.9.0",
      "resolved": "https://registry.npmjs.org/@webassemblyjs/floating-point-hex-parser/-/floating-point-hex-parser-1.9.0.tgz",
      "integrity": "sha512-TG5qcFsS8QB4g4MhrxK5TqfdNe7Ey/7YL/xN+36rRjl/BlGE/NcBvJcqsRgCP6Z92mRE+7N50pRIi8SmKUbcQA==",
      "dev": true
    },
    "node_modules/@webassemblyjs/helper-api-error": {
      "version": "1.9.0",
      "resolved": "https://registry.npmjs.org/@webassemblyjs/helper-api-error/-/helper-api-error-1.9.0.tgz",
      "integrity": "sha512-NcMLjoFMXpsASZFxJ5h2HZRcEhDkvnNFOAKneP5RbKRzaWJN36NC4jqQHKwStIhGXu5mUWlUUk7ygdtrO8lbmw==",
      "dev": true
    },
    "node_modules/@webassemblyjs/helper-buffer": {
      "version": "1.9.0",
      "resolved": "https://registry.npmjs.org/@webassemblyjs/helper-buffer/-/helper-buffer-1.9.0.tgz",
      "integrity": "sha512-qZol43oqhq6yBPx7YM3m9Bv7WMV9Eevj6kMi6InKOuZxhw+q9hOkvq5e/PpKSiLfyetpaBnogSbNCfBwyB00CA==",
      "dev": true
    },
    "node_modules/@webassemblyjs/helper-code-frame": {
      "version": "1.9.0",
      "resolved": "https://registry.npmjs.org/@webassemblyjs/helper-code-frame/-/helper-code-frame-1.9.0.tgz",
      "integrity": "sha512-ERCYdJBkD9Vu4vtjUYe8LZruWuNIToYq/ME22igL+2vj2dQ2OOujIZr3MEFvfEaqKoVqpsFKAGsRdBSBjrIvZA==",
      "dev": true,
      "dependencies": {
        "@webassemblyjs/wast-printer": "1.9.0"
      }
    },
    "node_modules/@webassemblyjs/helper-fsm": {
      "version": "1.9.0",
      "resolved": "https://registry.npmjs.org/@webassemblyjs/helper-fsm/-/helper-fsm-1.9.0.tgz",
      "integrity": "sha512-OPRowhGbshCb5PxJ8LocpdX9Kl0uB4XsAjl6jH/dWKlk/mzsANvhwbiULsaiqT5GZGT9qinTICdj6PLuM5gslw==",
      "dev": true
    },
    "node_modules/@webassemblyjs/helper-module-context": {
      "version": "1.9.0",
      "resolved": "https://registry.npmjs.org/@webassemblyjs/helper-module-context/-/helper-module-context-1.9.0.tgz",
      "integrity": "sha512-MJCW8iGC08tMk2enck1aPW+BE5Cw8/7ph/VGZxwyvGbJwjktKkDK7vy7gAmMDx88D7mhDTCNKAW5tED+gZ0W8g==",
      "dev": true,
      "dependencies": {
        "@webassemblyjs/ast": "1.9.0"
      }
    },
    "node_modules/@webassemblyjs/helper-wasm-bytecode": {
      "version": "1.9.0",
      "resolved": "https://registry.npmjs.org/@webassemblyjs/helper-wasm-bytecode/-/helper-wasm-bytecode-1.9.0.tgz",
      "integrity": "sha512-R7FStIzyNcd7xKxCZH5lE0Bqy+hGTwS3LJjuv1ZVxd9O7eHCedSdrId/hMOd20I+v8wDXEn+bjfKDLzTepoaUw==",
      "dev": true
    },
    "node_modules/@webassemblyjs/helper-wasm-section": {
      "version": "1.9.0",
      "resolved": "https://registry.npmjs.org/@webassemblyjs/helper-wasm-section/-/helper-wasm-section-1.9.0.tgz",
      "integrity": "sha512-XnMB8l3ek4tvrKUUku+IVaXNHz2YsJyOOmz+MMkZvh8h1uSJpSen6vYnw3IoQ7WwEuAhL8Efjms1ZWjqh2agvw==",
      "dev": true,
      "dependencies": {
        "@webassemblyjs/ast": "1.9.0",
        "@webassemblyjs/helper-buffer": "1.9.0",
        "@webassemblyjs/helper-wasm-bytecode": "1.9.0",
        "@webassemblyjs/wasm-gen": "1.9.0"
      }
    },
    "node_modules/@webassemblyjs/ieee754": {
      "version": "1.9.0",
      "resolved": "https://registry.npmjs.org/@webassemblyjs/ieee754/-/ieee754-1.9.0.tgz",
      "integrity": "sha512-dcX8JuYU/gvymzIHc9DgxTzUUTLexWwt8uCTWP3otys596io0L5aW02Gb1RjYpx2+0Jus1h4ZFqjla7umFniTg==",
      "dev": true,
      "dependencies": {
        "@xtuc/ieee754": "^1.2.0"
      }
    },
    "node_modules/@webassemblyjs/leb128": {
      "version": "1.9.0",
      "resolved": "https://registry.npmjs.org/@webassemblyjs/leb128/-/leb128-1.9.0.tgz",
      "integrity": "sha512-ENVzM5VwV1ojs9jam6vPys97B/S65YQtv/aanqnU7D8aSoHFX8GyhGg0CMfyKNIHBuAVjy3tlzd5QMMINa7wpw==",
      "dev": true,
      "dependencies": {
        "@xtuc/long": "4.2.2"
      }
    },
    "node_modules/@webassemblyjs/utf8": {
      "version": "1.9.0",
      "resolved": "https://registry.npmjs.org/@webassemblyjs/utf8/-/utf8-1.9.0.tgz",
      "integrity": "sha512-GZbQlWtopBTP0u7cHrEx+73yZKrQoBMpwkGEIqlacljhXCkVM1kMQge/Mf+csMJAjEdSwhOyLAS0AoR3AG5P8w==",
      "dev": true
    },
    "node_modules/@webassemblyjs/wasm-edit": {
      "version": "1.9.0",
      "resolved": "https://registry.npmjs.org/@webassemblyjs/wasm-edit/-/wasm-edit-1.9.0.tgz",
      "integrity": "sha512-FgHzBm80uwz5M8WKnMTn6j/sVbqilPdQXTWraSjBwFXSYGirpkSWE2R9Qvz9tNiTKQvoKILpCuTjBKzOIm0nxw==",
      "dev": true,
      "dependencies": {
        "@webassemblyjs/ast": "1.9.0",
        "@webassemblyjs/helper-buffer": "1.9.0",
        "@webassemblyjs/helper-wasm-bytecode": "1.9.0",
        "@webassemblyjs/helper-wasm-section": "1.9.0",
        "@webassemblyjs/wasm-gen": "1.9.0",
        "@webassemblyjs/wasm-opt": "1.9.0",
        "@webassemblyjs/wasm-parser": "1.9.0",
        "@webassemblyjs/wast-printer": "1.9.0"
      }
    },
    "node_modules/@webassemblyjs/wasm-gen": {
      "version": "1.9.0",
      "resolved": "https://registry.npmjs.org/@webassemblyjs/wasm-gen/-/wasm-gen-1.9.0.tgz",
      "integrity": "sha512-cPE3o44YzOOHvlsb4+E9qSqjc9Qf9Na1OO/BHFy4OI91XDE14MjFN4lTMezzaIWdPqHnsTodGGNP+iRSYfGkjA==",
      "dev": true,
      "dependencies": {
        "@webassemblyjs/ast": "1.9.0",
        "@webassemblyjs/helper-wasm-bytecode": "1.9.0",
        "@webassemblyjs/ieee754": "1.9.0",
        "@webassemblyjs/leb128": "1.9.0",
        "@webassemblyjs/utf8": "1.9.0"
      }
    },
    "node_modules/@webassemblyjs/wasm-opt": {
      "version": "1.9.0",
      "resolved": "https://registry.npmjs.org/@webassemblyjs/wasm-opt/-/wasm-opt-1.9.0.tgz",
      "integrity": "sha512-Qkjgm6Anhm+OMbIL0iokO7meajkzQD71ioelnfPEj6r4eOFuqm4YC3VBPqXjFyyNwowzbMD+hizmprP/Fwkl2A==",
      "dev": true,
      "dependencies": {
        "@webassemblyjs/ast": "1.9.0",
        "@webassemblyjs/helper-buffer": "1.9.0",
        "@webassemblyjs/wasm-gen": "1.9.0",
        "@webassemblyjs/wasm-parser": "1.9.0"
      }
    },
    "node_modules/@webassemblyjs/wasm-parser": {
      "version": "1.9.0",
      "resolved": "https://registry.npmjs.org/@webassemblyjs/wasm-parser/-/wasm-parser-1.9.0.tgz",
      "integrity": "sha512-9+wkMowR2AmdSWQzsPEjFU7njh8HTO5MqO8vjwEHuM+AMHioNqSBONRdr0NQQ3dVQrzp0s8lTcYqzUdb7YgELA==",
      "dev": true,
      "dependencies": {
        "@webassemblyjs/ast": "1.9.0",
        "@webassemblyjs/helper-api-error": "1.9.0",
        "@webassemblyjs/helper-wasm-bytecode": "1.9.0",
        "@webassemblyjs/ieee754": "1.9.0",
        "@webassemblyjs/leb128": "1.9.0",
        "@webassemblyjs/utf8": "1.9.0"
      }
    },
    "node_modules/@webassemblyjs/wast-parser": {
      "version": "1.9.0",
      "resolved": "https://registry.npmjs.org/@webassemblyjs/wast-parser/-/wast-parser-1.9.0.tgz",
      "integrity": "sha512-qsqSAP3QQ3LyZjNC/0jBJ/ToSxfYJ8kYyuiGvtn/8MK89VrNEfwj7BPQzJVHi0jGTRK2dGdJ5PRqhtjzoww+bw==",
      "dev": true,
      "dependencies": {
        "@webassemblyjs/ast": "1.9.0",
        "@webassemblyjs/floating-point-hex-parser": "1.9.0",
        "@webassemblyjs/helper-api-error": "1.9.0",
        "@webassemblyjs/helper-code-frame": "1.9.0",
        "@webassemblyjs/helper-fsm": "1.9.0",
        "@xtuc/long": "4.2.2"
      }
    },
    "node_modules/@webassemblyjs/wast-printer": {
      "version": "1.9.0",
      "resolved": "https://registry.npmjs.org/@webassemblyjs/wast-printer/-/wast-printer-1.9.0.tgz",
      "integrity": "sha512-2J0nE95rHXHyQ24cWjMKJ1tqB/ds8z/cyeOZxJhcb+rW+SQASVjuznUSmdz5GpVJTzU8JkhYut0D3siFDD6wsA==",
      "dev": true,
      "dependencies": {
        "@webassemblyjs/ast": "1.9.0",
        "@webassemblyjs/wast-parser": "1.9.0",
        "@xtuc/long": "4.2.2"
      }
    },
    "node_modules/@webpack-cli/configtest": {
      "version": "1.2.0",
      "resolved": "https://registry.npmjs.org/@webpack-cli/configtest/-/configtest-1.2.0.tgz",
      "integrity": "sha512-4FB8Tj6xyVkyqjj1OaTqCjXYULB9FMkqQ8yGrZjRDrYh0nOE+7Lhs45WioWQQMV+ceFlE368Ukhe6xdvJM9Egg==",
      "dev": true,
      "peerDependencies": {
        "webpack": "4.x.x || 5.x.x",
        "webpack-cli": "4.x.x"
      }
    },
    "node_modules/@webpack-cli/info": {
      "version": "1.5.0",
      "resolved": "https://registry.npmjs.org/@webpack-cli/info/-/info-1.5.0.tgz",
      "integrity": "sha512-e8tSXZpw2hPl2uMJY6fsMswaok5FdlGNRTktvFk2sD8RjH0hE2+XistawJx1vmKteh4NmGmNUrp+Tb2w+udPcQ==",
      "dev": true,
      "dependencies": {
        "envinfo": "^7.7.3"
      },
      "peerDependencies": {
        "webpack-cli": "4.x.x"
      }
    },
    "node_modules/@webpack-cli/serve": {
      "version": "1.7.0",
      "resolved": "https://registry.npmjs.org/@webpack-cli/serve/-/serve-1.7.0.tgz",
      "integrity": "sha512-oxnCNGj88fL+xzV+dacXs44HcDwf1ovs3AuEzvP7mqXw7fQntqIhQ1BRmynh4qEKQSSSRSWVyXRjmTbZIX9V2Q==",
      "dev": true,
      "peerDependencies": {
        "webpack-cli": "4.x.x"
      },
      "peerDependenciesMeta": {
        "webpack-dev-server": {
          "optional": true
        }
      }
    },
    "node_modules/@xtuc/ieee754": {
      "version": "1.2.0",
      "resolved": "https://registry.npmjs.org/@xtuc/ieee754/-/ieee754-1.2.0.tgz",
      "integrity": "sha512-DX8nKgqcGwsc0eJSqYt5lwP4DH5FlHnmuWWBRy7X0NcaGR0ZtuyeESgMwTYVEtxmsNGY+qit4QYT/MIYTOTPeA==",
      "dev": true
    },
    "node_modules/@xtuc/long": {
      "version": "4.2.2",
      "resolved": "https://registry.npmjs.org/@xtuc/long/-/long-4.2.2.tgz",
      "integrity": "sha512-NuHqBY1PB/D8xU6s/thBgOAiAP7HOYDQ32+BFZILJ8ivkUkAHQnWfn6WhL79Owj1qmUnoN/YPhktdIoucipkAQ==",
      "dev": true
    },